
Microsoft Visual Studio Solution File, Format Version 12.00
# Visual Studio Version 16
VisualStudioVersion = 16.0.32428.217
MinimumVisualStudioVersion = 10.0.40219.1
Project("{FAE04EC0-301F-11D3-BF4B-00C04F79EFBC}") = "day20_03", "day20_03\day20_03.csproj", "{B458332D-B08C-4FFD-818E-75BF681A9BD3}"
EndProject
Global
	GlobalSection(SolutionConfigurationPlatforms) = preSolution
		Debug|Any CPU = Debug|Any CPU
		Release|Any CPU = Release|Any CPU
	EndGlobalSection
	GlobalSection(ProjectConfigurationPlatforms) = postSolution
		{B458332D-B08C-4FFD-818E-75BF681A9BD3}.Debug|Any CPU.ActiveCfg = Debug|Any CPU
		{B458332D-B08C-4FFD-818E-75BF681A9BD3}.Debug|Any CPU.Build.0 = Debug|Any CPU
		{B458332D-B08C-4FFD-818E-75BF681A9BD3}.Release|Any CPU.ActiveCfg = Release|Any CPU
		{B458332D-B08C-4FFD-818E-75BF681A9BD3}.Release|Any CPU.Build.0 = Release|Any CPU
	EndGlobalSection
	GlobalSection(SolutionProperties) = preSolution
		HideSolutionNode = FALSE
	EndGlobalSection
	GlobalSection(ExtensibilityGlobals) = postSolution
		SolutionGuid = {757532B1-98BC-4CFF-B16C-4B3E8AB10CCB}
	EndGlobalSection
EndGlobal
